
Microsoft Visual Studio Solution File, Format Version 12.00
# Visual Studio Version 16
VisualStudioVersion = 16.0.31129.286
MinimumVisualStudioVersion = 10.0.40219.1
Project("{FAE04EC0-301F-11D3-BF4B-00C04F79EFBC}") = "event", "event.csproj", "{7656E1BB-DF11-48B2-A580-F24DF39AB9FD}"
EndProject
Global
	GlobalSection(SolutionConfigurationPlatforms) = preSolution
		Debug|Any CPU = Debug|Any CPU
		Release|Any CPU = Release|Any CPU
	EndGlobalSection
	GlobalSection(ProjectConfigurationPlatforms) = postSolution
		{7656E1BB-DF11-48B2-A580-F24DF39AB9FD}.Debug|Any CPU.ActiveCfg = Debug|Any CPU
		{7656E1BB-DF11-48B2-A580-F24DF39AB9FD}.Debug|Any CPU.Build.0 = Debug|Any CPU
		{7656E1BB-DF11-48B2-A580-F24DF39AB9FD}.Release|Any CPU.ActiveCfg = Release|Any CPU
		{7656E1BB-DF11-48B2-A580-F24DF39AB9FD}.Release|Any CPU.Build.0 = Release|Any CPU
	EndGlobalSection
	GlobalSection(SolutionProperties) = preSolution
		HideSolutionNode = FALSE
	EndGlobalSection
	GlobalSection(ExtensibilityGlobals) = postSolution
		SolutionGuid = {3F6C530F-E8B2-4194-B436-B81B39068F1C}
	EndGlobalSection
EndGlobal
